
Microsoft Visual Studio Solution File, Format Version 12.00
# Visual Studio Version 16
VisualStudioVersion = 16.0.31729.503
MinimumVisualStudioVersion = 10.0.40219.1
Project("{FAE04EC0-301F-11D3-BF4B-00C04F79EFBC}") = "aula-21-02-2022", "aula-21-02-2022\aula-21-02-2022.csproj", "{8E5B9A75-BC0B-4191-8F11-7C307FDF6C27}"
EndProject
Global
	GlobalSection(SolutionConfigurationPlatforms) = preSolution
		Debug|Any CPU = Debug|Any CPU
		Release|Any CPU = Release|Any CPU
	EndGlobalSection
	GlobalSection(ProjectConfigurationPlatforms) = postSolution
		{8E5B9A75-BC0B-4191-8F11-7C307FDF6C27}.Debug|Any CPU.ActiveCfg = Debug|Any CPU
		{8E5B9A75-BC0B-4191-8F11-7C307FDF6C27}.Debug|Any CPU.Build.0 = Debug|Any CPU
		{8E5B9A75-BC0B-4191-8F11-7C307FDF6C27}.Release|Any CPU.ActiveCfg = Release|Any CPU
		{8E5B9A75-BC0B-4191-8F11-7C307FDF6C27}.Release|Any CPU.Build.0 = Release|Any CPU
	EndGlobalSection
	GlobalSection(SolutionProperties) = preSolution
		HideSolutionNode = FALSE
	EndGlobalSection
	GlobalSection(ExtensibilityGlobals) = postSolution
		SolutionGuid = {A21C298B-8A6B-4CFE-9757-50CF18220D16}
	EndGlobalSection
EndGlobal
